
Microsoft Visual Studio Solution File, Format Version 12.00
# Visual Studio 15
VisualStudioVersion = 15.0.28307.572
MinimumVisualStudioVersion = 10.0.40219.1
Project("{FAE04EC0-301F-11D3-BF4B-00C04F79EFBC}") = "LabExerciseAdvance", "LabExerciseAdvance\LabExerciseAdvance.csproj", "{74FD21DE-E3D9-470B-A045-21AA05DA9808}"
EndProject
Project("{9A19103F-16F7-4668-BE54-9A1E7A4F7556}") = "LabExerciseAdvance.Test", "LabExerciseAdvance.Test\LabExerciseAdvance.Test.csproj", "{B67A1C6E-C3E7-407F-A420-C95B5018B4E6}"
EndProject
Project("{9A19103F-16F7-4668-BE54-9A1E7A4F7556}") = "LabExerciseAdvance.API", "LabExerciseAdvance.API\LabExerciseAdvance.API.csproj", "{A3AE09FF-A6DC-495E-A48D-9733340B933C}"
EndProject
Global
	GlobalSection(SolutionConfigurationPlatforms) = preSolution
		Debug|Any CPU = Debug|Any CPU
		Release|Any CPU = Release|Any CPU
	EndGlobalSection
	GlobalSection(ProjectConfigurationPlatforms) = postSolution
		{74FD21DE-E3D9-470B-A045-21AA05DA9808}.Debug|Any CPU.ActiveCfg = Debug|Any CPU
		{74FD21DE-E3D9-470B-A045-21AA05DA9808}.Debug|Any CPU.Build.0 = Debug|Any CPU
		{74FD21DE-E3D9-470B-A045-21AA05DA9808}.Release|Any CPU.ActiveCfg = Release|Any CPU
		{74FD21DE-E3D9-470B-A045-21AA05DA9808}.Release|Any CPU.Build.0 = Release|Any CPU
		{B67A1C6E-C3E7-407F-A420-C95B5018B4E6}.Debug|Any CPU.ActiveCfg = Debug|Any CPU
		{B67A1C6E-C3E7-407F-A420-C95B5018B4E6}.Debug|Any CPU.Build.0 = Debug|Any CPU
		{B67A1C6E-C3E7-407F-A420-C95B5018B4E6}.Release|Any CPU.ActiveCfg = Release|Any CPU
		{B67A1C6E-C3E7-407F-A420-C95B5018B4E6}.Release|Any CPU.Build.0 = Release|Any CPU
		{A3AE09FF-A6DC-495E-A48D-9733340B933C}.Debug|Any CPU.ActiveCfg = Debug|Any CPU
		{A3AE09FF-A6DC-495E-A48D-9733340B933C}.Debug|Any CPU.Build.0 = Debug|Any CPU
		{A3AE09FF-A6DC-495E-A48D-9733340B933C}.Release|Any CPU.ActiveCfg = Release|Any CPU
		{A3AE09FF-A6DC-495E-A48D-9733340B933C}.Release|Any CPU.Build.0 = Release|Any CPU
	EndGlobalSection
	GlobalSection(SolutionProperties) = preSolution
		HideSolutionNode = FALSE
	EndGlobalSection
	GlobalSection(ExtensibilityGlobals) = postSolution
		SolutionGuid = {F5301C07-0F51-48EC-B6D0-6FD918C2234E}
	EndGlobalSection
EndGlobal
